
Microsoft Visual Studio Solution File, Format Version 12.00
# Visual Studio Version 17
VisualStudioVersion = 17.14.36603.0 d17.14
MinimumVisualStudioVersion = 10.0.40219.1
Project("{FAE04EC0-301F-11D3-BF4B-00C04F79EFBC}") = "PROG_MVC_POE_P2", "PROG_MVC_POE_P2\PROG_MVC_POE_P2.csproj", "{D9566C4E-458C-4C2A-A7E4-0C67EB94FFB5}"
EndProject
Global
	GlobalSection(SolutionConfigurationPlatforms) = preSolution
		Debug|Any CPU = Debug|Any CPU
		Release|Any CPU = Release|Any CPU
	EndGlobalSection
	GlobalSection(ProjectConfigurationPlatforms) = postSolution
		{D9566C4E-458C-4C2A-A7E4-0C67EB94FFB5}.Debug|Any CPU.ActiveCfg = Debug|Any CPU
		{D9566C4E-458C-4C2A-A7E4-0C67EB94FFB5}.Debug|Any CPU.Build.0 = Debug|Any CPU
		{D9566C4E-458C-4C2A-A7E4-0C67EB94FFB5}.Release|Any CPU.ActiveCfg = Release|Any CPU
		{D9566C4E-458C-4C2A-A7E4-0C67EB94FFB5}.Release|Any CPU.Build.0 = Release|Any CPU
	EndGlobalSection
	GlobalSection(SolutionProperties) = preSolution
		HideSolutionNode = FALSE
	EndGlobalSection
	GlobalSection(ExtensibilityGlobals) = postSolution
		SolutionGuid = {2F636593-332E-4413-9111-4261CE6AB8DE}
	EndGlobalSection
EndGlobal
